{
  "name": "cordova-background-geolocation-plugin",
  "version": "2.0.10",
  "lockfileVersion": 2,
  "requires": true,
  "packages": {
    "": {
      "name": "cordova-background-geolocation-plugin",
      "version": "2.0.10",
      "license": "Apache-2.0",
      "engines": {
        "cordovaDependencies": {
          "1.0.0": {
            "cordova": ">=8.0.0",
            "cordova-android": ">=8.0.0",
            "cordova-ios": ">=6.0.0"
          }
        }
      }
    }
  }
}
